
Microsoft Visual Studio Solution File, Format Version 12.00
# Visual Studio Version 17
VisualStudioVersion = 17.9.34723.18
MinimumVisualStudioVersion = 10.0.40219.1
Project("{FAE04EC0-301F-11D3-BF4B-00C04F79EFBC}") = "DemoAPITesting", "DemoAPITesting\DemoAPITesting.csproj", "{582412E1-8C93-4413-9B04-3D99C76D5FAB}"
EndProject
Project("{FAE04EC0-301F-11D3-BF4B-00C04F79EFBC}") = "DemoNunitTest", "DemoNunitTest\DemoNunitTest.csproj", "{2EDD1B2D-075B-4984-AB64-9C898829C0A2}"
EndProject
Global
	GlobalSection(SolutionConfigurationPlatforms) = preSolution
		Debug|Any CPU = Debug|Any CPU
		Release|Any CPU = Release|Any CPU
	EndGlobalSection
	GlobalSection(ProjectConfigurationPlatforms) = postSolution
		{582412E1-8C93-4413-9B04-3D99C76D5FAB}.Debug|Any CPU.ActiveCfg = Debug|Any CPU
		{582412E1-8C93-4413-9B04-3D99C76D5FAB}.Debug|Any CPU.Build.0 = Debug|Any CPU
		{582412E1-8C93-4413-9B04-3D99C76D5FAB}.Release|Any CPU.ActiveCfg = Release|Any CPU
		{582412E1-8C93-4413-9B04-3D99C76D5FAB}.Release|Any CPU.Build.0 = Release|Any CPU
		{2EDD1B2D-075B-4984-AB64-9C898829C0A2}.Debug|Any CPU.ActiveCfg = Debug|Any CPU
		{2EDD1B2D-075B-4984-AB64-9C898829C0A2}.Debug|Any CPU.Build.0 = Debug|Any CPU
		{2EDD1B2D-075B-4984-AB64-9C898829C0A2}.Release|Any CPU.ActiveCfg = Release|Any CPU
		{2EDD1B2D-075B-4984-AB64-9C898829C0A2}.Release|Any CPU.Build.0 = Release|Any CPU
	EndGlobalSection
	GlobalSection(SolutionProperties) = preSolution
		HideSolutionNode = FALSE
	EndGlobalSection
	GlobalSection(ExtensibilityGlobals) = postSolution
		SolutionGuid = {58BF7903-5C56-47CA-A656-40E32EE9E945}
	EndGlobalSection
EndGlobal
